
Microsoft Visual Studio Solution File, Format Version 12.00
# Visual Studio 2013
VisualStudioVersion = 12.0.40629.0
MinimumVisualStudioVersion = 10.0.40219.1
Project("{8BC9CEB8-8B4A-11D0-8D11-00A0C91BC942}") = "dmlccore", "..\dmlc-core\dmlccore.vcxproj", "{07267AEB-4BEE-3173-B6B6-3BF81A321B90}"
EndProject
Project("{8BC9CEB8-8B4A-11D0-8D11-00A0C91BC942}") = "QA", "..\QA\QA.vcxproj", "{4C244BF0-46ED-4A62-ABE6-30759427BC94}"
EndProject
Global
	GlobalSection(SolutionConfigurationPlatforms) = preSolution
		ChanaRelease|x64 = ChanaRelease|x64
		Debug|x64 = Debug|x64
		MinSizeRel|x64 = MinSizeRel|x64
		Release|x64 = Release|x64
		RelWithDebInfo|x64 = RelWithDebInfo|x64
	EndGlobalSection
	GlobalSection(ProjectConfigurationPlatforms) = postSolution
		{07267AEB-4BEE-3173-B6B6-3BF81A321B90}.ChanaRelease|x64.ActiveCfg = Release|x64
		{07267AEB-4BEE-3173-B6B6-3BF81A321B90}.ChanaRelease|x64.Build.0 = Release|x64
		{07267AEB-4BEE-3173-B6B6-3BF81A321B90}.Debug|x64.ActiveCfg = Debug|x64
		{07267AEB-4BEE-3173-B6B6-3BF81A321B90}.Debug|x64.Build.0 = Debug|x64
		{07267AEB-4BEE-3173-B6B6-3BF81A321B90}.MinSizeRel|x64.ActiveCfg = MinSizeRel|x64
		{07267AEB-4BEE-3173-B6B6-3BF81A321B90}.MinSizeRel|x64.Build.0 = MinSizeRel|x64
		{07267AEB-4BEE-3173-B6B6-3BF81A321B90}.Release|x64.ActiveCfg = Release|x64
		{07267AEB-4BEE-3173-B6B6-3BF81A321B90}.Release|x64.Build.0 = Release|x64
		{07267AEB-4BEE-3173-B6B6-3BF81A321B90}.RelWithDebInfo|x64.ActiveCfg = RelWithDebInfo|x64
		{07267AEB-4BEE-3173-B6B6-3BF81A321B90}.RelWithDebInfo|x64.Build.0 = RelWithDebInfo|x64
		{4C244BF0-46ED-4A62-ABE6-30759427BC94}.ChanaRelease|x64.ActiveCfg = ChanaRelease|x64
		{4C244BF0-46ED-4A62-ABE6-30759427BC94}.ChanaRelease|x64.Build.0 = ChanaRelease|x64
		{4C244BF0-46ED-4A62-ABE6-30759427BC94}.Debug|x64.ActiveCfg = Debug|x64
		{4C244BF0-46ED-4A62-ABE6-30759427BC94}.Debug|x64.Build.0 = Debug|x64
		{4C244BF0-46ED-4A62-ABE6-30759427BC94}.MinSizeRel|x64.ActiveCfg = Release|x64
		{4C244BF0-46ED-4A62-ABE6-30759427BC94}.MinSizeRel|x64.Build.0 = Release|x64
		{4C244BF0-46ED-4A62-ABE6-30759427BC94}.Release|x64.ActiveCfg = Release|x64
		{4C244BF0-46ED-4A62-ABE6-30759427BC94}.Release|x64.Build.0 = Release|x64
		{4C244BF0-46ED-4A62-ABE6-30759427BC94}.RelWithDebInfo|x64.ActiveCfg = Release|x64
		{4C244BF0-46ED-4A62-ABE6-30759427BC94}.RelWithDebInfo|x64.Build.0 = Release|x64
	EndGlobalSection
	GlobalSection(SolutionProperties) = preSolution
		HideSolutionNode = FALSE
	EndGlobalSection
EndGlobal
